// !$*UTF8*$!
{
	archiveVersion = 1;
	classes = {
	};
	objectVersion = 46;
	objects = {

/* Begin PBXBuildFile section */
		B2B5230716027FC6004686BE /* UIKit.framework in Frameworks */ = {isa = PBXBuildFile; fileRef = B2B5230616027FC6004686BE /* UIKit.framework */; };
		B2B5230916027FC6004686BE /* Foundation.framework in Frameworks */ = {isa = PBXBuildFile; fileRef = B2B5230816027FC6004686BE /* Foundation.framework */; };
		B2B5230B16027FC6004686BE /* CoreGraphics.framework in Frameworks */ = {isa = PBXBuildFile; fileRef = B2B5230A16027FC6004686BE /* CoreGraphics.framework */; };
		B2B5231716027FC6004686BE /* SKAppDelegate.m in Sources */ = {isa = PBXBuildFile; fileRef = B2B5231616027FC6004686BE /* SKAppDelegate.m */; };
		B2B5232716028137004686BE /* InfoPlist.strings in Resources */ = {isa = PBXBuildFile; fileRef = B2B5232316028137004686BE /* InfoPlist.strings */; };
		B2B5232A1602814F004686BE /* main.m in Sources */ = {isa = PBXBuildFile; fileRef = B2B523291602814F004686BE /* main.m */; };
		B2B5232D16028230004686BE /* SKViewController.m in Sources */ = {isa = PBXBuildFile; fileRef = B2B5232C16028230004686BE /* SKViewController.m */; };
/* End PBXBuildFile section */

/* Begin PBXFileReference section */
		B2B5230216027FC6004686BE /* neutron.app */ = {isa = PBXFileReference; explicitFileType = wrapper.application; includeInIndex = 0; path = neutron.app; sourceTree = BUILT_PRODUCTS_DIR; };
		B2B5230616027FC6004686BE /* UIKit.framework */ = {isa = PBXFileReference; lastKnownFileType = wrapper.framework; name = UIKit.framework; path = System/Library/Frameworks/UIKit.framework; sourceTree = SDKROOT; };
		B2B5230816027FC6004686BE /* Foundation.framework */ = {isa = PBXFileReference; lastKnownFileType = wrapper.framework; name = Foundation.framework; path = System/Library/Frameworks/Foundation.framework; sourceTree = SDKROOT; };
		B2B5230A16027FC6004686BE /* CoreGraphics.framework */ = {isa = PBXFileReference; lastKnownFileType = wrapper.framework; name = CoreGraphics.framework; path = System/Library/Frameworks/CoreGraphics.framework; sourceTree = SDKROOT; };
		B2B5231516027FC6004686BE /* SKAppDelegate.h */ = {isa = PBXFileReference; lastKnownFileType = sourcecode.c.h; path = SKAppDelegate.h; sourceTree = "<group>"; };
		B2B5231616027FC6004686BE /* SKAppDelegate.m */ = {isa = PBXFileReference; lastKnownFileType = sourcecode.c.objc; path = SKAppDelegate.m; sourceTree = "<group>"; };
		B2B5232416028137004686BE /* en */ = {isa = PBXFileReference; lastKnownFileType = text.plist.strings; name = en; path = en.lproj/InfoPlist.strings; sourceTree = "<group>"; };
		B2B5232516028137004686BE /* neutron-Info.plist */ = {isa = PBXFileReference; fileEncoding = 4; lastKnownFileType = text.plist.xml; path = "neutron-Info.plist"; sourceTree = "<group>"; };
		B2B5232616028137004686BE /* neutron-Prefix.pch */ = {isa = PBXFileReference; fileEncoding = 4; lastKnownFileType = sourcecode.c.h; path = "neutron-Prefix.pch"; sourceTree = "<group>"; };
		B2B523291602814F004686BE /* main.m */ = {isa = PBXFileReference; fileEncoding = 4; lastKnownFileType = sourcecode.c.objc; path = main.m; sourceTree = "<group>"; };
		B2B5232B16028230004686BE /* SKViewController.h */ = {isa = PBXFileReference; fileEncoding = 4; lastKnownFileType = sourcecode.c.h; path = SKViewController.h; sourceTree = "<group>"; };
		B2B5232C16028230004686BE /* SKViewController.m */ = {isa = PBXFileReference; fileEncoding = 4; lastKnownFileType = sourcecode.c.objc; path = SKViewController.m; sourceTree = "<group>"; };
/* End PBXFileReference section */

/* Begin PBXFrameworksBuildPhase section */
		B2B522FF16027FC6004686BE /* Frameworks */ = {
			isa = PBXFrameworksBuildPhase;
			buildActionMask = 2147483647;
			files = (
				B2B5230716027FC6004686BE /* UIKit.framework in Frameworks */,
				B2B5230916027FC6004686BE /* Foundation.framework in Frameworks */,
				B2B5230B16027FC6004686BE /* CoreGraphics.framework in Frameworks */,
			);
			runOnlyForDeploymentPostprocessing = 0;
		};
/* End PBXFrameworksBuildPhase section */

/* Begin PBXGroup section */
		B2B522F716027FC6004686BE = {
			isa = PBXGroup;
			children = (
				B2B5230C16027FC6004686BE /* neutron */,
				B2B5230516027FC6004686BE /* Frameworks */,
				B2B5230316027FC6004686BE /* Products */,
			);
			sourceTree = "<group>";
		};
		B2B5230316027FC6004686BE /* Products */ = {
			isa = PBXGroup;
			children = (
				B2B5230216027FC6004686BE /* neutron.app */,
			);
			name = Products;
			sourceTree = "<group>";
		};
		B2B5230516027FC6004686BE /* Frameworks */ = {
			isa = PBXGroup;
			children = (
				B2B5230616027FC6004686BE /* UIKit.framework */,
				B2B5230816027FC6004686BE /* Foundation.framework */,
				B2B5230A16027FC6004686BE /* CoreGraphics.framework */,
			);
			name = Frameworks;
			sourceTree = "<group>";
		};
		B2B5230C16027FC6004686BE /* neutron */ = {
			isa = PBXGroup;
			children = (
				B2B523291602814F004686BE /* main.m */,
				B2B5232216028137004686BE /* SupportingFiles */,
				B2B5231516027FC6004686BE /* SKAppDelegate.h */,
				B2B5231616027FC6004686BE /* SKAppDelegate.m */,
				B2B5232B16028230004686BE /* SKViewController.h */,
				B2B5232C16028230004686BE /* SKViewController.m */,
			);
			path = neutron;
			sourceTree = "<group>";
		};
		B2B5232216028137004686BE /* SupportingFiles */ = {
			isa = PBXGroup;
			children = (
				B2B5232316028137004686BE /* InfoPlist.strings */,
				B2B5232516028137004686BE /* neutron-Info.plist */,
				B2B5232616028137004686BE /* neutron-Prefix.pch */,
			);
			path = SupportingFiles;
			sourceTree = "<group>";
		};
/* End PBXGroup section */

/* Begin PBXNativeTarget section */
		B2B5230116027FC6004686BE /* neutron */ = {
			isa = PBXNativeTarget;
			buildConfigurationList = B2B5231A16027FC6004686BE /* Build configuration list for PBXNativeTarget "neutron" */;
			buildPhases = (
				B2B522FE16027FC6004686BE /* Sources */,
				B2B522FF16027FC6004686BE /* Frameworks */,
				B2B5230016027FC6004686BE /* Resources */,
			);
			buildRules = (
			);
			dependencies = (
			);
			name = neutron;
			productName = neutron;
			productReference = B2B5230216027FC6004686BE /* neutron.app */;
			productType = "com.apple.product-type.application";
		};
/* End PBXNativeTarget section */

/* Begin PBXProject section */
		B2B522F916027FC6004686BE /* Project object */ = {
			isa = PBXProject;
			attributes = {
				CLASSPREFIX = SK;
				LastUpgradeCheck = 0440;
				ORGANIZATIONNAME = Stellarkite;
			};
			buildConfigurationList = B2B522FC16027FC6004686BE /* Build configuration list for PBXProject "neutron" */;
			compatibilityVersion = "Xcode 3.2";
			developmentRegion = English;
			hasScannedForEncodings = 0;
			knownRegions = (
				en,
			);
			mainGroup = B2B522F716027FC6004686BE;
			productRefGroup = B2B5230316027FC6004686BE /* Products */;
			projectDirPath = "";
			projectRoot = "";
			targets = (
				B2B5230116027FC6004686BE /* neutron */,
			);
		};
/* End PBXProject section */

/* Begin PBXResourcesBuildPhase section */
		B2B5230016027FC6004686BE /* Resources */ = {
			isa = PBXResourcesBuildPhase;
			buildActionMask = 2147483647;
			files = (
				B2B5232716028137004686BE /* InfoPlist.strings in Resources */,
			);
			runOnlyForDeploymentPostprocessing = 0;
		};
/* End PBXResourcesBuildPhase section */

/* Begin PBXSourcesBuildPhase section */
		B2B522FE16027FC6004686BE /* Sources */ = {
			isa = PBXSourcesBuildPhase;
			buildActionMask = 2147483647;
			files = (
				B2B5231716027FC6004686BE /* SKAppDelegate.m in Sources */,
				B2B5232A1602814F004686BE /* main.m in Sources */,
				B2B5232D16028230004686BE /* SKViewController.m in Sources */,
			);
			runOnlyForDeploymentPostprocessing = 0;
		};
/* End PBXSourcesBuildPhase section */

/* Begin PBXVariantGroup section */
		B2B5232316028137004686BE /* InfoPlist.strings */ = {
			isa = PBXVariantGroup;
			children = (
				B2B5232416028137004686BE /* en */,
			);
			name = InfoPlist.strings;
			sourceTree = "<group>";
		};
/* End PBXVariantGroup section */

/* Begin XCBuildConfiguration section */
		B2B5231816027FC6004686BE /* Debug */ = {
			isa = XCBuildConfiguration;
			buildSettings = {
				ALWAYS_SEARCH_USER_PATHS = NO;
				ARCHS = "$(ARCHS_STANDARD_32_BIT)";
				CLANG_CXX_LANGUAGE_STANDARD = "gnu++0x";
				CLANG_ENABLE_OBJC_ARC = YES;
				CLANG_WARN__DUPLICATE_METHOD_MATCH = YES;
				"CODE_SIGN_IDENTITY[sdk=iphoneos*]" = "iPhone Developer";
				COPY_PHASE_STRIP = NO;
				GCC_C_LANGUAGE_STANDARD = gnu99;
				GCC_DYNAMIC_NO_PIC = NO;
				GCC_OPTIMIZATION_LEVEL = 0;
				GCC_PREPROCESSOR_DEFINITIONS = (
					"DEBUG=1",
					"$(inherited)",
				);
				GCC_SYMBOLS_PRIVATE_EXTERN = NO;
				GCC_VERSION = com.apple.compilers.llvm.clang.1_0;
				GCC_WARN_ABOUT_RETURN_TYPE = YES;
				GCC_WARN_UNINITIALIZED_AUTOS = YES;
				GCC_WARN_UNUSED_VARIABLE = YES;
				IPHONEOS_DEPLOYMENT_TARGET = 5.1;
				SDKROOT = iphoneos;
				TARGETED_DEVICE_FAMILY = "1,2";
			};
			name = Debug;
		};
		B2B5231916027FC6004686BE /* Release */ = {
			isa = XCBuildConfiguration;
			buildSettings = {
				ALWAYS_SEARCH_USER_PATHS = NO;
				ARCHS = "$(ARCHS_STANDARD_32_BIT)";
				CLANG_CXX_LANGUAGE_STANDARD = "gnu++0x";
				CLANG_ENABLE_OBJC_ARC = YES;
				CLANG_WARN__DUPLICATE_METHOD_MATCH = YES;
				"CODE_SIGN_IDENTITY[sdk=iphoneos*]" = "iPhone Developer";
				COPY_PHASE_STRIP = YES;
				GCC_C_LANGUAGE_STANDARD = gnu99;
				GCC_VERSION = com.apple.compilers.llvm.clang.1_0;
				GCC_WARN_ABOUT_RETURN_TYPE = YES;
				GCC_WARN_UNINITIALIZED_AUTOS = YES;
				GCC_WARN_UNUSED_VARIABLE = YES;
				IPHONEOS_DEPLOYMENT_TARGET = 5.1;
				OTHER_CFLAGS = "-DNS_BLOCK_ASSERTIONS=1";
				SDKROOT = iphoneos;
				TARGETED_DEVICE_FAMILY = "1,2";
				VALIDATE_PRODUCT = YES;
			};
			name = Release;
		};
		B2B5231B16027FC6004686BE /* Debug */ = {
			isa = XCBuildConfiguration;
			buildSettings = {
				GCC_PRECOMPILE_PREFIX_HEADER = YES;
				GCC_PREFIX_HEADER = "neutron/SupportingFiles/neutron-Prefix.pch";
				INFOPLIST_FILE = "neutron/SupportingFiles/neutron-Info.plist";
				PRODUCT_NAME = "$(TARGET_NAME)";
				WRAPPER_EXTENSION = app;
			};
			name = Debug;
		};
		B2B5231C16027FC6004686BE /* Release */ = {
			isa = XCBuildConfiguration;
			buildSettings = {
				GCC_PRECOMPILE_PREFIX_HEADER = YES;
				GCC_PREFIX_HEADER = "neutron/SupportingFiles/neutron-Prefix.pch";
				INFOPLIST_FILE = "neutron/SupportingFiles/neutron-Info.plist";
				PRODUCT_NAME = "$(TARGET_NAME)";
				WRAPPER_EXTENSION = app;
			};
			name = Release;
		};
/* End XCBuildConfiguration section */

/* Begin XCConfigurationList section */
		B2B522FC16027FC6004686BE /* Build configuration list for PBXProject "neutron" */ = {
			isa = XCConfigurationList;
			buildConfigurations = (
				B2B5231816027FC6004686BE /* Debug */,
				B2B5231916027FC6004686BE /* Release */,
			);
			defaultConfigurationIsVisible = 0;
			defaultConfigurationName = Release;
		};
		B2B5231A16027FC6004686BE /* Build configuration list for PBXNativeTarget "neutron" */ = {
			isa = XCConfigurationList;
			buildConfigurations = (
				B2B5231B16027FC6004686BE /* Debug */,
				B2B5231C16027FC6004686BE /* Release */,
			);
			defaultConfigurationIsVisible = 0;
			defaultConfigurationName = Release;
		};
/* End XCConfigurationList section */
	};
	rootObject = B2B522F916027FC6004686BE /* Project object */;
}
